
Microsoft Visual Studio Solution File, Format Version 12.00
# Visual Studio Version 16
VisualStudioVersion = 16.0.31105.61
MinimumVisualStudioVersion = 10.0.40219.1
Project("{FAE04EC0-301F-11D3-BF4B-00C04F79EFBC}") = "BookAPI", "BookAPI\BookAPI.csproj", "{EA8710E3-2E59-4B6D-A014-0232BB6763C3}"
EndProject
Global
	GlobalSection(SolutionConfigurationPlatforms) = preSolution
		Debug|Any CPU = Debug|Any CPU
		Release|Any CPU = Release|Any CPU
	EndGlobalSection
	GlobalSection(ProjectConfigurationPlatforms) = postSolution
		{EA8710E3-2E59-4B6D-A014-0232BB6763C3}.Debug|Any CPU.ActiveCfg = Debug|Any CPU
		{EA8710E3-2E59-4B6D-A014-0232BB6763C3}.Debug|Any CPU.Build.0 = Debug|Any CPU
		{EA8710E3-2E59-4B6D-A014-0232BB6763C3}.Release|Any CPU.ActiveCfg = Release|Any CPU
		{EA8710E3-2E59-4B6D-A014-0232BB6763C3}.Release|Any CPU.Build.0 = Release|Any CPU
	EndGlobalSection
	GlobalSection(SolutionProperties) = preSolution
		HideSolutionNode = FALSE
	EndGlobalSection
	GlobalSection(ExtensibilityGlobals) = postSolution
		SolutionGuid = {1AC8F53E-7DDB-4A40-A780-2658B7FBAB5B}
	EndGlobalSection
EndGlobal
